
Microsoft Visual Studio Solution File, Format Version 12.00
# Visual Studio Version 16
VisualStudioVersion = 16.0.31729.503
MinimumVisualStudioVersion = 10.0.40219.1
Project("{FAE04EC0-301F-11D3-BF4B-00C04F79EFBC}") = "ProyectoLenceria", "ProyectoLenceria\ProyectoLenceria.csproj", "{AD61EC73-8169-485D-BA9F-BF89DCA23A94}"
EndProject
Project("{FAE04EC0-301F-11D3-BF4B-00C04F79EFBC}") = "Capa Negocio", "Capa Negocio\Capa Negocio.csproj", "{FBFAE0BE-1210-44C7-AD68-A38A69E04425}"
EndProject
Project("{FAE04EC0-301F-11D3-BF4B-00C04F79EFBC}") = "Capa Datos", "Capa Datos\Capa Datos.csproj", "{CA5E575C-4AFB-432A-8F76-23CF847EC59A}"
EndProject
Global
	GlobalSection(SolutionConfigurationPlatforms) = preSolution
		Debug|Any CPU = Debug|Any CPU
		Release|Any CPU = Release|Any CPU
	EndGlobalSection
	GlobalSection(ProjectConfigurationPlatforms) = postSolution
		{AD61EC73-8169-485D-BA9F-BF89DCA23A94}.Debug|Any CPU.ActiveCfg = Debug|Any CPU
		{AD61EC73-8169-485D-BA9F-BF89DCA23A94}.Debug|Any CPU.Build.0 = Debug|Any CPU
		{AD61EC73-8169-485D-BA9F-BF89DCA23A94}.Release|Any CPU.ActiveCfg = Release|Any CPU
		{AD61EC73-8169-485D-BA9F-BF89DCA23A94}.Release|Any CPU.Build.0 = Release|Any CPU
		{FBFAE0BE-1210-44C7-AD68-A38A69E04425}.Debug|Any CPU.ActiveCfg = Debug|Any CPU
		{FBFAE0BE-1210-44C7-AD68-A38A69E04425}.Debug|Any CPU.Build.0 = Debug|Any CPU
		{FBFAE0BE-1210-44C7-AD68-A38A69E04425}.Release|Any CPU.ActiveCfg = Release|Any CPU
		{FBFAE0BE-1210-44C7-AD68-A38A69E04425}.Release|Any CPU.Build.0 = Release|Any CPU
		{CA5E575C-4AFB-432A-8F76-23CF847EC59A}.Debug|Any CPU.ActiveCfg = Debug|Any CPU
		{CA5E575C-4AFB-432A-8F76-23CF847EC59A}.Debug|Any CPU.Build.0 = Debug|Any CPU
		{CA5E575C-4AFB-432A-8F76-23CF847EC59A}.Release|Any CPU.ActiveCfg = Release|Any CPU
		{CA5E575C-4AFB-432A-8F76-23CF847EC59A}.Release|Any CPU.Build.0 = Release|Any CPU
	EndGlobalSection
	GlobalSection(SolutionProperties) = preSolution
		HideSolutionNode = FALSE
	EndGlobalSection
	GlobalSection(ExtensibilityGlobals) = postSolution
		SolutionGuid = {E462D89E-93BC-4365-BBEE-6D0BEE0F51D7}
	EndGlobalSection
EndGlobal
